<?xml version="1.0" encoding="utf-8"?>
<Project ToolsVersion="4.0" xmlns="http://schemas.microsoft.com/developer/msbuild/2003">
  <ItemGroup>
    <Filter Include="Source Files">
      <UniqueIdentifier>{4FC737F1-C7A5-4376-A066-2A32D752A2FF}</UniqueIdentifier>
      <Extensions>cpp;c;cc;cxx;def;odl;idl;hpj;bat;asm;asmx</Extensions>
    </Filter>
    <Filter Include="Header Files">
      <UniqueIdentifier>{93995380-89BD-4b04-88EB-625FBE52EBFB}</UniqueIdentifier>
      <Extensions>h;hpp;hxx;hm;inl;inc;xsd</Extensions>
    </Filter>
    <Filter Include="Source Files\engine">
      <UniqueIdentifier>{bf88a20c-eaa8-4a30-8a81-aa885fe84379}</UniqueIdentifier>
    </Filter>
  </ItemGroup>
  <ItemGroup>
    <ClCompile Include="main.cpp">
      <Filter>Source Files</Filter>
    </ClCompile>
    <ClCompile Include="src\math.cpp">
      <Filter>Source Files\engine</Filter>
    </ClCompile>
    <ClCompile Include="src\renderer.cpp">
      <Filter>Source Files\engine</Filter>
    </ClCompile>
    <ClCompile Include="src\screen.cpp">
      <Filter>Source Files\engine</Filter>
    </ClCompile>
    <ClCompile Include="lib\stb_image.c">
      <Filter>Source Files</Filter>
    </ClCompile>
    <ClCompile Include="src\image.cpp">
      <Filter>Source Files\engine</Filter>
    </ClCompile>
    <ClCompile Include="src\resourcemanager.cpp">
      <Filter>Source Files\engine</Filter>
    </ClCompile>
    <ClCompile Include="src\sprite.cpp">
      <Filter>Source Files\engine</Filter>
    </ClCompile>
    <ClCompile Include="src\inputmanager.cpp">
      <Filter>Source Files\engine</Filter>
    </ClCompile>
    <ClCompile Include="src\vector2d.cpp">
      <Filter>Source Files\engine</Filter>
    </ClCompile>
    <ClCompile Include="src\font.cpp">
      <Filter>Source Files\engine</Filter>
    </ClCompile>
    <ClCompile Include="src\scene.cpp">
      <Filter>Source Files\engine</Filter>
    </ClCompile>
    <ClCompile Include="src\camera.cpp">
      <Filter>Source Files\engine</Filter>
    </ClCompile>
    <ClCompile Include="src\parallaxscene.cpp">
      <Filter>Source Files\engine</Filter>
    </ClCompile>
    <ClCompile Include="src\button.cpp">
      <Filter>Source Files\engine</Filter>
    </ClCompile>
    <ClCompile Include="src\control.cpp">
      <Filter>Source Files\engine</Filter>
    </ClCompile>
    <ClCompile Include="src\guimanager.cpp">
      <Filter>Source Files\engine</Filter>
    </ClCompile>
    <ClCompile Include="src\window.cpp">
      <Filter>Source Files\engine</Filter>
    </ClCompile>
    <ClCompile Include="src\particle.cpp">
      <Filter>Source Files\engine</Filter>
    </ClCompile>
    <ClCompile Include="src\emitter.cpp">
      <Filter>Source Files\engine</Filter>
    </ClCompile>
    <ClCompile Include="src\collisionmanager.cpp">
      <Filter>Source Files\engine</Filter>
    </ClCompile>
    <ClCompile Include="src\collisionpixeldata.cpp">
      <Filter>Source Files\engine</Filter>
    </ClCompile>
    <ClCompile Include="src\map.cpp">
      <Filter>Source Files\engine</Filter>
    </ClCompile>
    <ClCompile Include="src\skeletondata.cpp">
      <Filter>Source Files\engine</Filter>
    </ClCompile>
    <ClCompile Include="src\skeletonsprite.cpp">
      <Filter>Source Files\engine</Filter>
    </ClCompile>
    <ClCompile Include="src\bone.cpp">
      <Filter>Source Files\engine</Filter>
    </ClCompile>
    <ClCompile Include="src\isometricsprite.cpp">
      <Filter>Source Files\engine</Filter>
    </ClCompile>
    <ClCompile Include="src\isometricmap.cpp">
      <Filter>Source Files\engine</Filter>
    </ClCompile>
    <ClCompile Include="src\isometricscene.cpp">
      <Filter>Source Files\engine</Filter>
    </ClCompile>
    <ClCompile Include="src\label.cpp">
      <Filter>Source Files\engine</Filter>
    </ClCompile>
    <ClCompile Include="src\checkbox.cpp">
      <Filter>Source Files\engine</Filter>
    </ClCompile>
    <ClCompile Include="src\audioengine.cpp">
      <Filter>Source Files\engine</Filter>
    </ClCompile>
    <ClCompile Include="src\audiobuffer.cpp">
      <Filter>Source Files\engine</Filter>
    </ClCompile>
    <ClCompile Include="src\audiosource.cpp">
      <Filter>Source Files\engine</Filter>
    </ClCompile>
    <ClCompile Include="src\listener.cpp">
      <Filter>Source Files\engine</Filter>
    </ClCompile>
  </ItemGroup>
  <ItemGroup>
    <ClInclude Include="include\array.h">
      <Filter>Header Files</Filter>
    </ClInclude>
    <ClInclude Include="include\glinclude.h">
      <Filter>Header Files</Filter>
    </ClInclude>
    <ClInclude Include="include\math.h">
      <Filter>Header Files</Filter>
    </ClInclude>
    <ClInclude Include="include\renderer.h">
      <Filter>Header Files</Filter>
    </ClInclude>
    <ClInclude Include="include\screen.h">
      <Filter>Header Files</Filter>
    </ClInclude>
    <ClInclude Include="include\string.h">
      <Filter>Header Files</Filter>
    </ClInclude>
    <ClInclude Include="include\types.h">
      <Filter>Header Files</Filter>
    </ClInclude>
    <ClInclude Include="include\u-gine.h">
      <Filter>Header Files</Filter>
    </ClInclude>
    <ClInclude Include="include\image.h">
      <Filter>Header Files</Filter>
    </ClInclude>
    <ClInclude Include="include\resourcemanager.h">
      <Filter>Header Files</Filter>
    </ClInclude>
    <ClInclude Include="resource.h">
      <Filter>Header Files</Filter>
    </ClInclude>
    <ClInclude Include="include\sprite.h">
      <Filter>Header Files</Filter>
    </ClInclude>
    <ClInclude Include="include\inputmanager.h">
      <Filter>Header Files</Filter>
    </ClInclude>
    <ClInclude Include="include\vector2d.h">
      <Filter>Header Files</Filter>
    </ClInclude>
    <ClInclude Include="include\font.h">
      <Filter>Header Files</Filter>
    </ClInclude>
    <ClInclude Include="include\scene.h">
      <Filter>Header Files</Filter>
    </ClInclude>
    <ClInclude Include="include\camera.h">
      <Filter>Header Files</Filter>
    </ClInclude>
    <ClInclude Include="include\parallaxscene.h">
      <Filter>Header Files</Filter>
    </ClInclude>
    <ClInclude Include="include\button.h">
      <Filter>Header Files</Filter>
    </ClInclude>
    <ClInclude Include="include\control.h">
      <Filter>Header Files</Filter>
    </ClInclude>
    <ClInclude Include="include\guimanager.h">
      <Filter>Header Files</Filter>
    </ClInclude>
    <ClInclude Include="include\icontainer.h">
      <Filter>Header Files</Filter>
    </ClInclude>
    <ClInclude Include="include\ieventlistener.h">
      <Filter>Header Files</Filter>
    </ClInclude>
    <ClInclude Include="include\message.h">
      <Filter>Header Files</Filter>
    </ClInclude>
    <ClInclude Include="include\window.h">
      <Filter>Header Files</Filter>
    </ClInclude>
    <ClInclude Include="include\particle.h">
      <Filter>Header Files</Filter>
    </ClInclude>
    <ClInclude Include="include\dictionary.h">
      <Filter>Header Files</Filter>
    </ClInclude>
    <ClInclude Include="include\emitter.h">
      <Filter>Header Files</Filter>
    </ClInclude>
    <ClInclude Include="include\singleton.h">
      <Filter>Header Files</Filter>
    </ClInclude>
    <ClInclude Include="include\Vector2.h">
      <Filter>Header Files</Filter>
    </ClInclude>
    <ClInclude Include="include\affector.h">
      <Filter>Header Files</Filter>
    </ClInclude>
    <ClInclude Include="include\collision.h">
      <Filter>Header Files</Filter>
    </ClInclude>
    <ClInclude Include="include\rectcollision.h">
      <Filter>Header Files</Filter>
    </ClInclude>
    <ClInclude Include="include\circlecollision.h">
      <Filter>Header Files</Filter>
    </ClInclude>
    <ClInclude Include="include\collisionmanager.h">
      <Filter>Header Files</Filter>
    </ClInclude>
    <ClInclude Include="include\collisionpixeldata.h">
      <Filter>Header Files</Filter>
    </ClInclude>
    <ClInclude Include="include\pixelcollision.h">
      <Filter>Header Files</Filter>
    </ClInclude>
    <ClInclude Include="include\mapscene.h">
      <Filter>Header Files</Filter>
    </ClInclude>
    <ClInclude Include="include\map.h">
      <Filter>Header Files</Filter>
    </ClInclude>
    <ClInclude Include="include\skeletonsprite.h">
      <Filter>Header Files</Filter>
    </ClInclude>
    <ClInclude Include="include\bone.h">
      <Filter>Header Files</Filter>
    </ClInclude>
    <ClInclude Include="include\bonedata.h">
      <Filter>Header Files</Filter>
    </ClInclude>
    <ClInclude Include="include\frame.h">
      <Filter>Header Files</Filter>
    </ClInclude>
    <ClInclude Include="include\skeletondata.h">
      <Filter>Header Files</Filter>
    </ClInclude>
    <ClInclude Include="include\isometricsprite.h">
      <Filter>Header Files</Filter>
    </ClInclude>
    <ClInclude Include="include\isometricmap.h">
      <Filter>Header Files</Filter>
    </ClInclude>
    <ClInclude Include="include\isometricscene.h">
      <Filter>Header Files</Filter>
    </ClInclude>
    <ClInclude Include="include\label.h">
      <Filter>Header Files</Filter>
    </ClInclude>
    <ClInclude Include="include\checkbox.h">
      <Filter>Header Files</Filter>
    </ClInclude>
    <ClInclude Include="include\file.h">
      <Filter>Header Files</Filter>
    </ClInclude>
    <ClInclude Include="include\audioengine.h">
      <Filter>Header Files</Filter>
    </ClInclude>
    <ClInclude Include="include\alinclude.h">
      <Filter>Header Files</Filter>
    </ClInclude>
    <ClInclude Include="include\audiobuffer.h">
      <Filter>Header Files</Filter>
    </ClInclude>
    <ClInclude Include="include\slider.h">
      <Filter>Header Files</Filter>
    </ClInclude>
    <ClInclude Include="include\dragablecontrol.h">
    <ClInclude Include="include\audiosource.h">
      <Filter>Header Files</Filter>
    </ClInclude>
    <ClInclude Include="include\listener.h">
      <Filter>Header Files</Filter>
    </ClInclude>
  </ItemGroup>
</Project>